
Microsoft Visual Studio Solution File, Format Version 12.00
# Visual Studio 15
VisualStudioVersion = 15.0.28307.705
MinimumVisualStudioVersion = 10.0.40219.1
Project("{8BC9CEB8-8B4A-11D0-8D11-00A0C91BC942}") = "Matrix-Dynamic array 01.10.19", "Matrix-Dynamic array 01.10.19\Matrix-Dynamic array 01.10.19.vcxproj", "{22F3AC6F-928F-433E-B341-E915A83E390E}"
EndProject
Global
	GlobalSection(SolutionConfigurationPlatforms) = preSolution
		Debug|x64 = Debug|x64
		Debug|x86 = Debug|x86
		Release|x64 = Release|x64
		Release|x86 = Release|x86
	EndGlobalSection
	GlobalSection(ProjectConfigurationPlatforms) = postSolution
		{22F3AC6F-928F-433E-B341-E915A83E390E}.Debug|x64.ActiveCfg = Debug|x64
		{22F3AC6F-928F-433E-B341-E915A83E390E}.Debug|x64.Build.0 = Debug|x64
		{22F3AC6F-928F-433E-B341-E915A83E390E}.Debug|x86.ActiveCfg = Debug|Win32
		{22F3AC6F-928F-433E-B341-E915A83E390E}.Debug|x86.Build.0 = Debug|Win32
		{22F3AC6F-928F-433E-B341-E915A83E390E}.Release|x64.ActiveCfg = Release|x64
		{22F3AC6F-928F-433E-B341-E915A83E390E}.Release|x64.Build.0 = Release|x64
		{22F3AC6F-928F-433E-B341-E915A83E390E}.Release|x86.ActiveCfg = Release|Win32
		{22F3AC6F-928F-433E-B341-E915A83E390E}.Release|x86.Build.0 = Release|Win32
	EndGlobalSection
	GlobalSection(SolutionProperties) = preSolution
		HideSolutionNode = FALSE
	EndGlobalSection
	GlobalSection(ExtensibilityGlobals) = postSolution
		SolutionGuid = {D9363C7D-2E35-4168-AEC9-DD3DAAF2E9AA}
	EndGlobalSection
EndGlobal
